
Microsoft Visual Studio Solution File, Format Version 12.00
# Visual Studio 15
VisualStudioVersion = 15.0.27703.2047
MinimumVisualStudioVersion = 10.0.40219.1
Project("{FAE04EC0-301F-11D3-BF4B-00C04F79EFBC}") = "CeqAcc", "CeqAcc\CeqAcc.csproj", "{3053C201-44F0-481A-994E-D868BF2AD88A}"
EndProject
Global
	GlobalSection(SolutionConfigurationPlatforms) = preSolution
		Debug|Any CPU = Debug|Any CPU
		Release|Any CPU = Release|Any CPU
	EndGlobalSection
	GlobalSection(ProjectConfigurationPlatforms) = postSolution
		{3053C201-44F0-481A-994E-D868BF2AD88A}.Debug|Any CPU.ActiveCfg = Debug|Any CPU
		{3053C201-44F0-481A-994E-D868BF2AD88A}.Debug|Any CPU.Build.0 = Debug|Any CPU
		{3053C201-44F0-481A-994E-D868BF2AD88A}.Release|Any CPU.ActiveCfg = Release|Any CPU
		{3053C201-44F0-481A-994E-D868BF2AD88A}.Release|Any CPU.Build.0 = Release|Any CPU
	EndGlobalSection
	GlobalSection(SolutionProperties) = preSolution
		HideSolutionNode = FALSE
	EndGlobalSection
	GlobalSection(ExtensibilityGlobals) = postSolution
		SolutionGuid = {0DA15A6E-209A-4592-B580-7F19F80C3BD4}
	EndGlobalSection
EndGlobal
